{
  "name": "dash-editing-engine",
  "lockfileVersion": 3,
  "requires": true,
  "packages": {
    "": {
      "name": "dash-editing-engine",
      "dependencies": {
        "@automerge/automerge": "3.4.1"
      },
      "license": "MIT"
    },
    "node_modules/@automerge/automerge": {
      "version": "3.4.1",
      "resolved": "https://registry.npmjs.org/@automerge/automerge/-/automerge-3.4.1.tgz",
      "integrity": "sha512-zsZpbs/iDPvp+ZojIYd+gxmbcPVz2Xbkcx778G8zrt3E0zS+6saHJOm666lOuZyNRlTV4wHw9qzGTKueedeCsQ==",
      "license": "MIT"
    }
  }
}
